
Microsoft Visual Studio Solution File, Format Version 12.00
# Visual Studio Version 17
VisualStudioVersion = 17.2.32630.192
MinimumVisualStudioVersion = 10.0.40219.1
Project("{8BC9CEB8-8B4A-11D0-8D11-00A0C91BC942}") = "wxbitmapbutton", "wxbitmapbutton\wxbitmapbutton.vcxproj", "{89703604-3E27-4216-B3E6-7A3992B8B39A}"
EndProject
Global
	GlobalSection(SolutionConfigurationPlatforms) = preSolution
		Debug|x64 = Debug|x64
		Debug|x86 = Debug|x86
		Release|x64 = Release|x64
		Release|x86 = Release|x86
	EndGlobalSection
	GlobalSection(ProjectConfigurationPlatforms) = postSolution
		{89703604-3E27-4216-B3E6-7A3992B8B39A}.Debug|x64.ActiveCfg = Debug|x64
		{89703604-3E27-4216-B3E6-7A3992B8B39A}.Debug|x64.Build.0 = Debug|x64
		{89703604-3E27-4216-B3E6-7A3992B8B39A}.Debug|x86.ActiveCfg = Debug|Win32
		{89703604-3E27-4216-B3E6-7A3992B8B39A}.Debug|x86.Build.0 = Debug|Win32
		{89703604-3E27-4216-B3E6-7A3992B8B39A}.Release|x64.ActiveCfg = Release|x64
		{89703604-3E27-4216-B3E6-7A3992B8B39A}.Release|x64.Build.0 = Release|x64
		{89703604-3E27-4216-B3E6-7A3992B8B39A}.Release|x86.ActiveCfg = Release|Win32
		{89703604-3E27-4216-B3E6-7A3992B8B39A}.Release|x86.Build.0 = Release|Win32
	EndGlobalSection
	GlobalSection(SolutionProperties) = preSolution
		HideSolutionNode = FALSE
	EndGlobalSection
	GlobalSection(ExtensibilityGlobals) = postSolution
		SolutionGuid = {31AC1365-E3F0-4233-ADFB-D2A114D03B47}
	EndGlobalSection
EndGlobal
