
Microsoft Visual Studio Solution File, Format Version 12.00
# Visual Studio Version 17
VisualStudioVersion = 17.2.32630.192
MinimumVisualStudioVersion = 10.0.40219.1
Project("{8BC9CEB8-8B4A-11D0-8D11-00A0C91BC942}") = "custom-widget", "custom-widget\custom-widget.vcxproj", "{64D5CBFC-8998-4AD3-A37A-F8EEA69463BE}"
EndProject
Global
	GlobalSection(SolutionConfigurationPlatforms) = preSolution
		Debug|x64 = Debug|x64
		Debug|x86 = Debug|x86
		Release|x64 = Release|x64
		Release|x86 = Release|x86
	EndGlobalSection
	GlobalSection(ProjectConfigurationPlatforms) = postSolution
		{64D5CBFC-8998-4AD3-A37A-F8EEA69463BE}.Debug|x64.ActiveCfg = Debug|x64
		{64D5CBFC-8998-4AD3-A37A-F8EEA69463BE}.Debug|x64.Build.0 = Debug|x64
		{64D5CBFC-8998-4AD3-A37A-F8EEA69463BE}.Debug|x86.ActiveCfg = Debug|Win32
		{64D5CBFC-8998-4AD3-A37A-F8EEA69463BE}.Debug|x86.Build.0 = Debug|Win32
		{64D5CBFC-8998-4AD3-A37A-F8EEA69463BE}.Release|x64.ActiveCfg = Release|x64
		{64D5CBFC-8998-4AD3-A37A-F8EEA69463BE}.Release|x64.Build.0 = Release|x64
		{64D5CBFC-8998-4AD3-A37A-F8EEA69463BE}.Release|x86.ActiveCfg = Release|Win32
		{64D5CBFC-8998-4AD3-A37A-F8EEA69463BE}.Release|x86.Build.0 = Release|Win32
	EndGlobalSection
	GlobalSection(SolutionProperties) = preSolution
		HideSolutionNode = FALSE
	EndGlobalSection
	GlobalSection(ExtensibilityGlobals) = postSolution
		SolutionGuid = {D868C56F-6896-48BF-A918-98BE7DB191A1}
	EndGlobalSection
EndGlobal
