
Microsoft Visual Studio Solution File, Format Version 12.00
# Visual Studio Version 17
VisualStudioVersion = 17.2.32630.192
MinimumVisualStudioVersion = 10.0.40219.1
Project("{8BC9CEB8-8B4A-11D0-8D11-00A0C91BC942}") = "process-control", "process-control.vcxproj", "{089B691D-E319-4819-AB26-A1B69F6730CA}"
EndProject
Global
	GlobalSection(SolutionConfigurationPlatforms) = preSolution
		Debug|x64 = Debug|x64
		Debug|x86 = Debug|x86
		Release|x64 = Release|x64
		Release|x86 = Release|x86
	EndGlobalSection
	GlobalSection(ProjectConfigurationPlatforms) = postSolution
		{089B691D-E319-4819-AB26-A1B69F6730CA}.Debug|x64.ActiveCfg = Debug|x64
		{089B691D-E319-4819-AB26-A1B69F6730CA}.Debug|x64.Build.0 = Debug|x64
		{089B691D-E319-4819-AB26-A1B69F6730CA}.Debug|x86.ActiveCfg = Debug|Win32
		{089B691D-E319-4819-AB26-A1B69F6730CA}.Debug|x86.Build.0 = Debug|Win32
		{089B691D-E319-4819-AB26-A1B69F6730CA}.Release|x64.ActiveCfg = Release|x64
		{089B691D-E319-4819-AB26-A1B69F6730CA}.Release|x64.Build.0 = Release|x64
		{089B691D-E319-4819-AB26-A1B69F6730CA}.Release|x86.ActiveCfg = Release|Win32
		{089B691D-E319-4819-AB26-A1B69F6730CA}.Release|x86.Build.0 = Release|Win32
	EndGlobalSection
	GlobalSection(SolutionProperties) = preSolution
		HideSolutionNode = FALSE
	EndGlobalSection
	GlobalSection(ExtensibilityGlobals) = postSolution
		SolutionGuid = {A8D8796F-1544-4E82-9FA9-27DAFAA9D048}
	EndGlobalSection
EndGlobal
