
Microsoft Visual Studio Solution File, Format Version 12.00
# Visual Studio Version 17
VisualStudioVersion = 17.2.32630.192
MinimumVisualStudioVersion = 10.0.40219.1
Project("{8BC9CEB8-8B4A-11D0-8D11-00A0C91BC942}") = "archive-formats", "archive-formats\archive-formats.vcxproj", "{9189026A-F3B3-43A1-B98A-03878E4CF3AB}"
EndProject
Global
	GlobalSection(SolutionConfigurationPlatforms) = preSolution
		Debug|x64 = Debug|x64
		Debug|x86 = Debug|x86
		Release|x64 = Release|x64
		Release|x86 = Release|x86
	EndGlobalSection
	GlobalSection(ProjectConfigurationPlatforms) = postSolution
		{9189026A-F3B3-43A1-B98A-03878E4CF3AB}.Debug|x64.ActiveCfg = Debug|x64
		{9189026A-F3B3-43A1-B98A-03878E4CF3AB}.Debug|x64.Build.0 = Debug|x64
		{9189026A-F3B3-43A1-B98A-03878E4CF3AB}.Debug|x86.ActiveCfg = Debug|Win32
		{9189026A-F3B3-43A1-B98A-03878E4CF3AB}.Debug|x86.Build.0 = Debug|Win32
		{9189026A-F3B3-43A1-B98A-03878E4CF3AB}.Release|x64.ActiveCfg = Release|x64
		{9189026A-F3B3-43A1-B98A-03878E4CF3AB}.Release|x64.Build.0 = Release|x64
		{9189026A-F3B3-43A1-B98A-03878E4CF3AB}.Release|x86.ActiveCfg = Release|Win32
		{9189026A-F3B3-43A1-B98A-03878E4CF3AB}.Release|x86.Build.0 = Release|Win32
	EndGlobalSection
	GlobalSection(SolutionProperties) = preSolution
		HideSolutionNode = FALSE
	EndGlobalSection
	GlobalSection(ExtensibilityGlobals) = postSolution
		SolutionGuid = {C2C94F0B-C270-44F8-AB59-AAE708FD7848}
	EndGlobalSection
EndGlobal
