
Microsoft Visual Studio Solution File, Format Version 12.00
# Visual Studio Version 17
VisualStudioVersion = 17.2.32630.192
MinimumVisualStudioVersion = 10.0.40219.1
Project("{8BC9CEB8-8B4A-11D0-8D11-00A0C91BC942}") = "multi-threading", "multi-threading\multi-threading.vcxproj", "{92C5B671-F786-4968-AAC4-6406DEF4D857}"
EndProject
Global
	GlobalSection(SolutionConfigurationPlatforms) = preSolution
		Debug|x64 = Debug|x64
		Debug|x86 = Debug|x86
		Release|x64 = Release|x64
		Release|x86 = Release|x86
	EndGlobalSection
	GlobalSection(ProjectConfigurationPlatforms) = postSolution
		{92C5B671-F786-4968-AAC4-6406DEF4D857}.Debug|x64.ActiveCfg = Debug|x64
		{92C5B671-F786-4968-AAC4-6406DEF4D857}.Debug|x64.Build.0 = Debug|x64
		{92C5B671-F786-4968-AAC4-6406DEF4D857}.Debug|x86.ActiveCfg = Debug|Win32
		{92C5B671-F786-4968-AAC4-6406DEF4D857}.Debug|x86.Build.0 = Debug|Win32
		{92C5B671-F786-4968-AAC4-6406DEF4D857}.Release|x64.ActiveCfg = Release|x64
		{92C5B671-F786-4968-AAC4-6406DEF4D857}.Release|x64.Build.0 = Release|x64
		{92C5B671-F786-4968-AAC4-6406DEF4D857}.Release|x86.ActiveCfg = Release|Win32
		{92C5B671-F786-4968-AAC4-6406DEF4D857}.Release|x86.Build.0 = Release|Win32
	EndGlobalSection
	GlobalSection(SolutionProperties) = preSolution
		HideSolutionNode = FALSE
	EndGlobalSection
	GlobalSection(ExtensibilityGlobals) = postSolution
		SolutionGuid = {8D824C88-8313-45C5-B01F-412B49734C76}
	EndGlobalSection
EndGlobal
